// !$*UTF8*$!
{
	archiveVersion = 1;
	classes = {
	};
	objectVersion = 46;
	objects = {

/* Begin PBXBuildFile section */
		5CF721521CEDCBCE0048D479 /* main.m in Sources */ = {isa = PBXBuildFile; fileRef = 5CF721511CEDCBCE0048D479 /* main.m */; };
		5CF721551CEDCBCE0048D479 /* AppDelegate.m in Sources */ = {isa = PBXBuildFile; fileRef = 5CF721541CEDCBCE0048D479 /* AppDelegate.m */; };
		5CF721581CEDCBCE0048D479 /* ViewController.m in Sources */ = {isa = PBXBuildFile; fileRef = 5CF721571CEDCBCE0048D479 /* ViewController.m */; };
		5CF7215B1CEDCBCE0048D479 /* Main.storyboard in Resources */ = {isa = PBXBuildFile; fileRef = 5CF721591CEDCBCE0048D479 /* Main.storyboard */; };
		5CF7215D1CEDCBCE0048D479 /* Assets.xcassets in Resources */ = {isa = PBXBuildFile; fileRef = 5CF7215C1CEDCBCE0048D479 /* Assets.xcassets */; };
		5CF721601CEDCBCE0048D479 /* LaunchScreen.storyboard in Resources */ = {isa = PBXBuildFile; fileRef = 5CF7215E1CEDCBCE0048D479 /* LaunchScreen.storyboard */; };
		5CF721791CEDCC8B0048D479 /* checkbox_deafault@2x.png in Resources */ = {isa = PBXBuildFile; fileRef = 5CF721681CEDCC8B0048D479 /* checkbox_deafault@2x.png */; };
		5CF7217A1CEDCC8B0048D479 /* checkbox_selected@2x.png in Resources */ = {isa = PBXBuildFile; fileRef = 5CF721691CEDCC8B0048D479 /* checkbox_selected@2x.png */; };
		5CF7217B1CEDCC8B0048D479 /* FilterBaseViewController.m in Sources */ = {isa = PBXBuildFile; fileRef = 5CF7216C1CEDCC8B0048D479 /* FilterBaseViewController.m */; };
		5CF7217C1CEDCC8B0048D479 /* FilterMenuViewController.m in Sources */ = {isa = PBXBuildFile; fileRef = 5CF7216E1CEDCC8B0048D479 /* FilterMenuViewController.m */; };
		5CF7217D1CEDCC8B0048D479 /* FilterSubMenuViewController.m in Sources */ = {isa = PBXBuildFile; fileRef = 5CF721701CEDCC8B0048D479 /* FilterSubMenuViewController.m */; };
		5CF7217E1CEDCC8B0048D479 /* FilterSelectModel.m in Sources */ = {isa = PBXBuildFile; fileRef = 5CF721731CEDCC8B0048D479 /* FilterSelectModel.m */; };
		5CF7217F1CEDCC8B0048D479 /* FilterFirstView.m in Sources */ = {isa = PBXBuildFile; fileRef = 5CF721761CEDCC8B0048D479 /* FilterFirstView.m */; };
		5CF721801CEDCC8B0048D479 /* FilterSubTableViewCell.m in Sources */ = {isa = PBXBuildFile; fileRef = 5CF721781CEDCC8B0048D479 /* FilterSubTableViewCell.m */; };
/* End PBXBuildFile section */

/* Begin PBXFileReference section */
		5CF7214D1CEDCBCE0048D479 /* YZFilterMenu.app */ = {isa = PBXFileReference; explicitFileType = wrapper.application; includeInIndex = 0; path = YZFilterMenu.app; sourceTree = BUILT_PRODUCTS_DIR; };
		5CF721511CEDCBCE0048D479 /* main.m */ = {isa = PBXFileReference; lastKnownFileType = sourcecode.c.objc; path = main.m; sourceTree = "<group>"; };
		5CF721531CEDCBCE0048D479 /* AppDelegate.h */ = {isa = PBXFileReference; lastKnownFileType = sourcecode.c.h; path = AppDelegate.h; sourceTree = "<group>"; };
		5CF721541CEDCBCE0048D479 /* AppDelegate.m */ = {isa = PBXFileReference; lastKnownFileType = sourcecode.c.objc; path = AppDelegate.m; sourceTree = "<group>"; };
		5CF721561CEDCBCE0048D479 /* ViewController.h */ = {isa = PBXFileReference; lastKnownFileType = sourcecode.c.h; path = ViewController.h; sourceTree = "<group>"; };
		5CF721571CEDCBCE0048D479 /* ViewController.m */ = {isa = PBXFileReference; lastKnownFileType = sourcecode.c.objc; path = ViewController.m; sourceTree = "<group>"; };
		5CF7215A1CEDCBCE0048D479 /* Base */ = {isa = PBXFileReference; lastKnownFileType = file.storyboard; name = Base; path = Base.lproj/Main.storyboard; sourceTree = "<group>"; };
		5CF7215C1CEDCBCE0048D479 /* Assets.xcassets */ = {isa = PBXFileReference; lastKnownFileType = folder.assetcatalog; path = Assets.xcassets; sourceTree = "<group>"; };
		5CF7215F1CEDCBCE0048D479 /* Base */ = {isa = PBXFileReference; lastKnownFileType = file.storyboard; name = Base; path = Base.lproj/LaunchScreen.storyboard; sourceTree = "<group>"; };
		5CF721611CEDCBCE0048D479 /* Info.plist */ = {isa = PBXFileReference; lastKnownFileType = text.plist.xml; path = Info.plist; sourceTree = "<group>"; };
		5CF721681CEDCC8B0048D479 /* checkbox_deafault@2x.png */ = {isa = PBXFileReference; lastKnownFileType = image.png; path = "checkbox_deafault@2x.png"; sourceTree = "<group>"; };
		5CF721691CEDCC8B0048D479 /* checkbox_selected@2x.png */ = {isa = PBXFileReference; lastKnownFileType = image.png; path = "checkbox_selected@2x.png"; sourceTree = "<group>"; };
		5CF7216B1CEDCC8B0048D479 /* FilterBaseViewController.h */ = {isa = PBXFileReference; fileEncoding = 4; lastKnownFileType = sourcecode.c.h; path = FilterBaseViewController.h; sourceTree = "<group>"; };
		5CF7216C1CEDCC8B0048D479 /* FilterBaseViewController.m */ = {isa = PBXFileReference; fileEncoding = 4; lastKnownFileType = sourcecode.c.objc; path = FilterBaseViewController.m; sourceTree = "<group>"; };
		5CF7216D1CEDCC8B0048D479 /* FilterMenuViewController.h */ = {isa = PBXFileReference; fileEncoding = 4; lastKnownFileType = sourcecode.c.h; path = FilterMenuViewController.h; sourceTree = "<group>"; };
		5CF7216E1CEDCC8B0048D479 /* FilterMenuViewController.m */ = {isa = PBXFileReference; fileEncoding = 4; lastKnownFileType = sourcecode.c.objc; path = FilterMenuViewController.m; sourceTree = "<group>"; };
		5CF7216F1CEDCC8B0048D479 /* FilterSubMenuViewController.h */ = {isa = PBXFileReference; fileEncoding = 4; lastKnownFileType = sourcecode.c.h; path = FilterSubMenuViewController.h; sourceTree = "<group>"; };
		5CF721701CEDCC8B0048D479 /* FilterSubMenuViewController.m */ = {isa = PBXFileReference; fileEncoding = 4; lastKnownFileType = sourcecode.c.objc; path = FilterSubMenuViewController.m; sourceTree = "<group>"; };
		5CF721721CEDCC8B0048D479 /* FilterSelectModel.h */ = {isa = PBXFileReference; fileEncoding = 4; lastKnownFileType = sourcecode.c.h; path = FilterSelectModel.h; sourceTree = "<group>"; };
		5CF721731CEDCC8B0048D479 /* FilterSelectModel.m */ = {isa = PBXFileReference; fileEncoding = 4; lastKnownFileType = sourcecode.c.objc; path = FilterSelectModel.m; sourceTree = "<group>"; };
		5CF721751CEDCC8B0048D479 /* FilterFirstView.h */ = {isa = PBXFileReference; fileEncoding = 4; lastKnownFileType = sourcecode.c.h; path = FilterFirstView.h; sourceTree = "<group>"; };
		5CF721761CEDCC8B0048D479 /* FilterFirstView.m */ = {isa = PBXFileReference; fileEncoding = 4; lastKnownFileType = sourcecode.c.objc; path = FilterFirstView.m; sourceTree = "<group>"; };
		5CF721771CEDCC8B0048D479 /* FilterSubTableViewCell.h */ = {isa = PBXFileReference; fileEncoding = 4; lastKnownFileType = sourcecode.c.h; path = FilterSubTableViewCell.h; sourceTree = "<group>"; };
		5CF721781CEDCC8B0048D479 /* FilterSubTableViewCell.m */ = {isa = PBXFileReference; fileEncoding = 4; lastKnownFileType = sourcecode.c.objc; path = FilterSubTableViewCell.m; sourceTree = "<group>"; };
/* End PBXFileReference section */

/* Begin PBXFrameworksBuildPhase section */
		5CF7214A1CEDCBCE0048D479 /* Frameworks */ = {
			isa = PBXFrameworksBuildPhase;
			buildActionMask = 2147483647;
			files = (
			);
			runOnlyForDeploymentPostprocessing = 0;
		};
/* End PBXFrameworksBuildPhase section */

/* Begin PBXGroup section */
		5CF721441CEDCBCE0048D479 = {
			isa = PBXGroup;
			children = (
				5CF7214F1CEDCBCE0048D479 /* YZFilterMenu */,
				5CF7214E1CEDCBCE0048D479 /* Products */,
			);
			sourceTree = "<group>";
		};
		5CF7214E1CEDCBCE0048D479 /* Products */ = {
			isa = PBXGroup;
			children = (
				5CF7214D1CEDCBCE0048D479 /* YZFilterMenu.app */,
			);
			name = Products;
			sourceTree = "<group>";
		};
		5CF7214F1CEDCBCE0048D479 /* YZFilterMenu */ = {
			isa = PBXGroup;
			children = (
				5CF721671CEDCC8B0048D479 /* Filter */,
				5CF721531CEDCBCE0048D479 /* AppDelegate.h */,
				5CF721541CEDCBCE0048D479 /* AppDelegate.m */,
				5CF721561CEDCBCE0048D479 /* ViewController.h */,
				5CF721571CEDCBCE0048D479 /* ViewController.m */,
				5CF721591CEDCBCE0048D479 /* Main.storyboard */,
				5CF7215C1CEDCBCE0048D479 /* Assets.xcassets */,
				5CF7215E1CEDCBCE0048D479 /* LaunchScreen.storyboard */,
				5CF721611CEDCBCE0048D479 /* Info.plist */,
				5CF721501CEDCBCE0048D479 /* Supporting Files */,
			);
			path = YZFilterMenu;
			sourceTree = "<group>";
		};
		5CF721501CEDCBCE0048D479 /* Supporting Files */ = {
			isa = PBXGroup;
			children = (
				5CF721511CEDCBCE0048D479 /* main.m */,
			);
			name = "Supporting Files";
			sourceTree = "<group>";
		};
		5CF721671CEDCC8B0048D479 /* Filter */ = {
			isa = PBXGroup;
			children = (
				5CF721681CEDCC8B0048D479 /* checkbox_deafault@2x.png */,
				5CF721691CEDCC8B0048D479 /* checkbox_selected@2x.png */,
				5CF7216A1CEDCC8B0048D479 /* Controller */,
				5CF721711CEDCC8B0048D479 /* Model */,
				5CF721741CEDCC8B0048D479 /* View */,
			);
			path = Filter;
			sourceTree = "<group>";
		};
		5CF7216A1CEDCC8B0048D479 /* Controller */ = {
			isa = PBXGroup;
			children = (
				5CF7216B1CEDCC8B0048D479 /* FilterBaseViewController.h */,
				5CF7216C1CEDCC8B0048D479 /* FilterBaseViewController.m */,
				5CF7216D1CEDCC8B0048D479 /* FilterMenuViewController.h */,
				5CF7216E1CEDCC8B0048D479 /* FilterMenuViewController.m */,
				5CF7216F1CEDCC8B0048D479 /* FilterSubMenuViewController.h */,
				5CF721701CEDCC8B0048D479 /* FilterSubMenuViewController.m */,
			);
			path = Controller;
			sourceTree = "<group>";
		};
		5CF721711CEDCC8B0048D479 /* Model */ = {
			isa = PBXGroup;
			children = (
				5CF721721CEDCC8B0048D479 /* FilterSelectModel.h */,
				5CF721731CEDCC8B0048D479 /* FilterSelectModel.m */,
			);
			path = Model;
			sourceTree = "<group>";
		};
		5CF721741CEDCC8B0048D479 /* View */ = {
			isa = PBXGroup;
			children = (
				5CF721751CEDCC8B0048D479 /* FilterFirstView.h */,
				5CF721761CEDCC8B0048D479 /* FilterFirstView.m */,
				5CF721771CEDCC8B0048D479 /* FilterSubTableViewCell.h */,
				5CF721781CEDCC8B0048D479 /* FilterSubTableViewCell.m */,
			);
			path = View;
			sourceTree = "<group>";
		};
/* End PBXGroup section */

/* Begin PBXNativeTarget section */
		5CF7214C1CEDCBCE0048D479 /* YZFilterMenu */ = {
			isa = PBXNativeTarget;
			buildConfigurationList = 5CF721641CEDCBCE0048D479 /* Build configuration list for PBXNativeTarget "YZFilterMenu" */;
			buildPhases = (
				5CF721491CEDCBCE0048D479 /* Sources */,
				5CF7214A1CEDCBCE0048D479 /* Frameworks */,
				5CF7214B1CEDCBCE0048D479 /* Resources */,
			);
			buildRules = (
			);
			dependencies = (
			);
			name = YZFilterMenu;
			productName = YZFilterMenu;
			productReference = 5CF7214D1CEDCBCE0048D479 /* YZFilterMenu.app */;
			productType = "com.apple.product-type.application";
		};
/* End PBXNativeTarget section */

/* Begin PBXProject section */
		5CF721451CEDCBCE0048D479 /* Project object */ = {
			isa = PBXProject;
			attributes = {
				LastUpgradeCheck = 0730;
				ORGANIZATIONNAME = Sunhong;
				TargetAttributes = {
					5CF7214C1CEDCBCE0048D479 = {
						CreatedOnToolsVersion = 7.3.1;
					};
				};
			};
			buildConfigurationList = 5CF721481CEDCBCE0048D479 /* Build configuration list for PBXProject "YZFilterMenu" */;
			compatibilityVersion = "Xcode 3.2";
			developmentRegion = English;
			hasScannedForEncodings = 0;
			knownRegions = (
				en,
				Base,
			);
			mainGroup = 5CF721441CEDCBCE0048D479;
			productRefGroup = 5CF7214E1CEDCBCE0048D479 /* Products */;
			projectDirPath = "";
			projectRoot = "";
			targets = (
				5CF7214C1CEDCBCE0048D479 /* YZFilterMenu */,
			);
		};
/* End PBXProject section */

/* Begin PBXResourcesBuildPhase section */
		5CF7214B1CEDCBCE0048D479 /* Resources */ = {
			isa = PBXResourcesBuildPhase;
			buildActionMask = 2147483647;
			files = (
				5CF7217A1CEDCC8B0048D479 /* checkbox_selected@2x.png in Resources */,
				5CF721601CEDCBCE0048D479 /* LaunchScreen.storyboard in Resources */,
				5CF721791CEDCC8B0048D479 /* checkbox_deafault@2x.png in Resources */,
				5CF7215D1CEDCBCE0048D479 /* Assets.xcassets in Resources */,
				5CF7215B1CEDCBCE0048D479 /* Main.storyboard in Resources */,
			);
			runOnlyForDeploymentPostprocessing = 0;
		};
/* End PBXResourcesBuildPhase section */

/* Begin PBXSourcesBuildPhase section */
		5CF721491CEDCBCE0048D479 /* Sources */ = {
			isa = PBXSourcesBuildPhase;
			buildActionMask = 2147483647;
			files = (
				5CF7217D1CEDCC8B0048D479 /* FilterSubMenuViewController.m in Sources */,
				5CF7217E1CEDCC8B0048D479 /* FilterSelectModel.m in Sources */,
				5CF721581CEDCBCE0048D479 /* ViewController.m in Sources */,
				5CF7217C1CEDCC8B0048D479 /* FilterMenuViewController.m in Sources */,
				5CF721801CEDCC8B0048D479 /* FilterSubTableViewCell.m in Sources */,
				5CF7217B1CEDCC8B0048D479 /* FilterBaseViewController.m in Sources */,
				5CF7217F1CEDCC8B0048D479 /* FilterFirstView.m in Sources */,
				5CF721551CEDCBCE0048D479 /* AppDelegate.m in Sources */,
				5CF721521CEDCBCE0048D479 /* main.m in Sources */,
			);
			runOnlyForDeploymentPostprocessing = 0;
		};
/* End PBXSourcesBuildPhase section */

/* Begin PBXVariantGroup section */
		5CF721591CEDCBCE0048D479 /* Main.storyboard */ = {
			isa = PBXVariantGroup;
			children = (
				5CF7215A1CEDCBCE0048D479 /* Base */,
			);
			name = Main.storyboard;
			sourceTree = "<group>";
		};
		5CF7215E1CEDCBCE0048D479 /* LaunchScreen.storyboard */ = {
			isa = PBXVariantGroup;
			children = (
				5CF7215F1CEDCBCE0048D479 /* Base */,
			);
			name = LaunchScreen.storyboard;
			sourceTree = "<group>";
		};
/* End PBXVariantGroup section */

/* Begin XCBuildConfiguration section */
		5CF721621CEDCBCE0048D479 /* Debug */ = {
			isa = XCBuildConfiguration;
			buildSettings = {
				ALWAYS_SEARCH_USER_PATHS = NO;
				CLANG_ANALYZER_NONNULL = YES;
				CLANG_CXX_LANGUAGE_STANDARD = "gnu++0x";
				CLANG_CXX_LIBRARY = "libc++";
				CLANG_ENABLE_MODULES = YES;
				CLANG_ENABLE_OBJC_ARC = YES;
				CLANG_WARN_BOOL_CONVERSION = YES;
				CLANG_WARN_CONSTANT_CONVERSION = YES;
				CLANG_WARN_DIRECT_OBJC_ISA_USAGE = YES_ERROR;
				CLANG_WARN_EMPTY_BODY = YES;
				CLANG_WARN_ENUM_CONVERSION = YES;
				CLANG_WARN_INT_CONVERSION = YES;
				CLANG_WARN_OBJC_ROOT_CLASS = YES_ERROR;
				CLANG_WARN_UNREACHABLE_CODE = YES;
				CLANG_WARN__DUPLICATE_METHOD_MATCH = YES;
				"CODE_SIGN_IDENTITY[sdk=iphoneos*]" = "iPhone Developer";
				COPY_PHASE_STRIP = NO;
				DEBUG_INFORMATION_FORMAT = dwarf;
				ENABLE_STRICT_OBJC_MSGSEND = YES;
				ENABLE_TESTABILITY = YES;
				GCC_C_LANGUAGE_STANDARD = gnu99;
				GCC_DYNAMIC_NO_PIC = NO;
				GCC_NO_COMMON_BLOCKS = YES;
				GCC_OPTIMIZATION_LEVEL = 0;
				GCC_PREPROCESSOR_DEFINITIONS = (
					"DEBUG=1",
					"$(inherited)",
				);
				GCC_WARN_64_TO_32_BIT_CONVERSION = YES;
				GCC_WARN_ABOUT_RETURN_TYPE = YES_ERROR;
				GCC_WARN_UNDECLARED_SELECTOR = YES;
				GCC_WARN_UNINITIALIZED_AUTOS = YES_AGGRESSIVE;
				GCC_WARN_UNUSED_FUNCTION = YES;
				GCC_WARN_UNUSED_VARIABLE = YES;
				IPHONEOS_DEPLOYMENT_TARGET = 9.3;
				MTL_ENABLE_DEBUG_INFO = YES;
				ONLY_ACTIVE_ARCH = YES;
				SDKROOT = iphoneos;
			};
			name = Debug;
		};
		5CF721631CEDCBCE0048D479 /* Release */ = {
			isa = XCBuildConfiguration;
			buildSettings = {
				ALWAYS_SEARCH_USER_PATHS = NO;
				CLANG_ANALYZER_NONNULL = YES;
				CLANG_CXX_LANGUAGE_STANDARD = "gnu++0x";
				CLANG_CXX_LIBRARY = "libc++";
				CLANG_ENABLE_MODULES = YES;
				CLANG_ENABLE_OBJC_ARC = YES;
				CLANG_WARN_BOOL_CONVERSION = YES;
				CLANG_WARN_CONSTANT_CONVERSION = YES;
				CLANG_WARN_DIRECT_OBJC_ISA_USAGE = YES_ERROR;
				CLANG_WARN_EMPTY_BODY = YES;
				CLANG_WARN_ENUM_CONVERSION = YES;
				CLANG_WARN_INT_CONVERSION = YES;
				CLANG_WARN_OBJC_ROOT_CLASS = YES_ERROR;
				CLANG_WARN_UNREACHABLE_CODE = YES;
				CLANG_WARN__DUPLICATE_METHOD_MATCH = YES;
				"CODE_SIGN_IDENTITY[sdk=iphoneos*]" = "iPhone Developer";
				COPY_PHASE_STRIP = NO;
				DEBUG_INFORMATION_FORMAT = "dwarf-with-dsym";
				ENABLE_NS_ASSERTIONS = NO;
				ENABLE_STRICT_OBJC_MSGSEND = YES;
				GCC_C_LANGUAGE_STANDARD = gnu99;
				GCC_NO_COMMON_BLOCKS = YES;
				GCC_WARN_64_TO_32_BIT_CONVERSION = YES;
				GCC_WARN_ABOUT_RETURN_TYPE = YES_ERROR;
				GCC_WARN_UNDECLARED_SELECTOR = YES;
				GCC_WARN_UNINITIALIZED_AUTOS = YES_AGGRESSIVE;
				GCC_WARN_UNUSED_FUNCTION = YES;
				GCC_WARN_UNUSED_VARIABLE = YES;
				IPHONEOS_DEPLOYMENT_TARGET = 9.3;
				MTL_ENABLE_DEBUG_INFO = NO;
				SDKROOT = iphoneos;
				VALIDATE_PRODUCT = YES;
			};
			name = Release;
		};
		5CF721651CEDCBCE0048D479 /* Debug */ = {
			isa = XCBuildConfiguration;
			buildSettings = {
				ASSETCATALOG_COMPILER_APPICON_NAME = AppIcon;
				INFOPLIST_FILE = YZFilterMenu/Info.plist;
				LD_RUNPATH_SEARCH_PATHS = "$(inherited) @executable_path/Frameworks";
				PRODUCT_BUNDLE_IDENTIFIER = sh.YZFilterMenu;
				PRODUCT_NAME = "$(TARGET_NAME)";
			};
			name = Debug;
		};
		5CF721661CEDCBCE0048D479 /* Release */ = {
			isa = XCBuildConfiguration;
			buildSettings = {
				ASSETCATALOG_COMPILER_APPICON_NAME = AppIcon;
				INFOPLIST_FILE = YZFilterMenu/Info.plist;
				LD_RUNPATH_SEARCH_PATHS = "$(inherited) @executable_path/Frameworks";
				PRODUCT_BUNDLE_IDENTIFIER = sh.YZFilterMenu;
				PRODUCT_NAME = "$(TARGET_NAME)";
			};
			name = Release;
		};
/* End XCBuildConfiguration section */

/* Begin XCConfigurationList section */
		5CF721481CEDCBCE0048D479 /* Build configuration list for PBXProject "YZFilterMenu" */ = {
			isa = XCConfigurationList;
			buildConfigurations = (
				5CF721621CEDCBCE0048D479 /* Debug */,
				5CF721631CEDCBCE0048D479 /* Release */,
			);
			defaultConfigurationIsVisible = 0;
			defaultConfigurationName = Release;
		};
		5CF721641CEDCBCE0048D479 /* Build configuration list for PBXNativeTarget "YZFilterMenu" */ = {
			isa = XCConfigurationList;
			buildConfigurations = (
				5CF721651CEDCBCE0048D479 /* Debug */,
				5CF721661CEDCBCE0048D479 /* Release */,
			);
			defaultConfigurationIsVisible = 0;
		};
/* End XCConfigurationList section */
	};
	rootObject = 5CF721451CEDCBCE0048D479 /* Project object */;
}
